
Microsoft Visual Studio Solution File, Format Version 12.00
# Visual Studio Version 16
VisualStudioVersion = 16.0.33529.622
MinimumVisualStudioVersion = 10.0.40219.1
Project("{FAE04EC0-301F-11D3-BF4B-00C04F79EFBC}") = "Homework", "Homework.csproj", "{02C583E5-E28A-444D-84C7-F2A7C88BD494}"
EndProject
Project("{2150E333-8FDC-42A3-9474-1A3956D46DE8}") = "Introduction to the (C-Sharpe) programming language", "Introduction to the (C-Sharpe) programming language", "{8E1B36BE-67B1-4EB6-8A92-23648C311F21}"
EndProject
Project("{2150E333-8FDC-42A3-9474-1A3956D46DE8}") = "MyMetods", "MyMetods", "{4FF07BC8-7B6E-42FC-B876-D40BA947E27B}"
EndProject
Project("{2150E333-8FDC-42A3-9474-1A3956D46DE8}") = "Homework", "Homework", "{E68A7C85-081F-481A-9BA8-898F48F05719}"
EndProject
Project("{2150E333-8FDC-42A3-9474-1A3956D46DE8}") = "Homework6", "Homework6", "{052766C3-5F9F-4672-9E8E-548D94B18654}"
EndProject
Project("{2150E333-8FDC-42A3-9474-1A3956D46DE8}") = "Homework5", "Homework5", "{EC176AA1-67D9-472E-B123-05DBD77CD06A}"
EndProject
Project("{2150E333-8FDC-42A3-9474-1A3956D46DE8}") = "Homework7", "Homework7", "{16423273-D285-4F31-A287-415CE7EE944E}"
EndProject
Project("{2150E333-8FDC-42A3-9474-1A3956D46DE8}") = "Homework8", "Homework8", "{CF4CB173-0B58-4BC1-B20A-F79938FAB401}"
EndProject
Project("{2150E333-8FDC-42A3-9474-1A3956D46DE8}") = "Homework1", "Homework1", "{F3EDF9B8-6E4F-45CE-A43F-9647DEA9C3EC}"
EndProject
Project("{2150E333-8FDC-42A3-9474-1A3956D46DE8}") = "Homework2", "Homework2", "{825AFD19-2FC4-4758-B3D5-2AA5425B33B9}"
EndProject
Project("{2150E333-8FDC-42A3-9474-1A3956D46DE8}") = "Homework3", "Homework3", "{0F81D83F-28DA-4CAA-BBCE-19ED0D287B0E}"
EndProject
Project("{2150E333-8FDC-42A3-9474-1A3956D46DE8}") = "Homework4", "Homework4", "{8197377E-9512-4656-AD89-9A623039BA52}"
EndProject
Project("{2150E333-8FDC-42A3-9474-1A3956D46DE8}") = "Homework9", "Homework9", "{5FB459F2-111F-4B42-AB09-45B403B61803}"
EndProject
Project("{FAE04EC0-301F-11D3-BF4B-00C04F79EFBC}") = "MyMetods", "Introduction to the (C-Sharpe) programming language\MyMetods\MyMetods.csproj", "{34E4F45D-7B79-486B-8D74-9E20356EACDA}"
EndProject
Project("{FAE04EC0-301F-11D3-BF4B-00C04F79EFBC}") = "Homework 1", "Introduction to the (C-Sharpe) programming language\Homework\Homework 1\Homework 1.csproj", "{C5C1019F-1CE4-4C67-B2FF-E305EFCAC679}"
EndProject
Project("{FAE04EC0-301F-11D3-BF4B-00C04F79EFBC}") = "Homework 2", "Introduction to the (C-Sharpe) programming language\Homework\Homework 2\Homework 2.csproj", "{642CF925-CE7C-425F-9879-6DD78247F6B3}"
EndProject
Project("{FAE04EC0-301F-11D3-BF4B-00C04F79EFBC}") = "Homework 9", "Introduction to the (C-Sharpe) programming language\Homework\Homework 9\Homework 9.csproj", "{5A99C37E-2F6C-45D6-B906-6FB421937B2E}"
EndProject
Project("{FAE04EC0-301F-11D3-BF4B-00C04F79EFBC}") = "Homework 8", "Introduction to the (C-Sharpe) programming language\Homework\Homework 8\Homework 8.csproj", "{A16E734A-6980-4358-B8D7-F6174FC41729}"
EndProject
Project("{FAE04EC0-301F-11D3-BF4B-00C04F79EFBC}") = "Homework 7", "Introduction to the (C-Sharpe) programming language\Homework\Homework 7\Homework 7.csproj", "{7C5F82D2-919B-462A-AA38-DC7EDD692687}"
EndProject
Project("{FAE04EC0-301F-11D3-BF4B-00C04F79EFBC}") = "Homework 6", "Introduction to the (C-Sharpe) programming language\Homework\Homework 6\Homework 6.csproj", "{EA15B9D2-71C4-4B2C-AAD4-BDAA09CFC945}"
EndProject
Project("{FAE04EC0-301F-11D3-BF4B-00C04F79EFBC}") = "Homework 5", "Introduction to the (C-Sharpe) programming language\Homework\Homework 5\Homework 5.csproj", "{4FC376D9-BA34-483F-ADB6-A5D20D971A23}"
EndProject
Project("{FAE04EC0-301F-11D3-BF4B-00C04F79EFBC}") = "Homework 4", "Introduction to the (C-Sharpe) programming language\Homework\Homework 4\Homework 4.csproj", "{D2D60B46-5761-4F40-B4FC-58B5C5F4D253}"
EndProject
Project("{FAE04EC0-301F-11D3-BF4B-00C04F79EFBC}") = "Homework 3", "Introduction to the (C-Sharpe) programming language\Homework\Homework 3\Homework 3.csproj", "{589C8BFB-8AC4-4C2C-B7EE-9FD004603175}"
EndProject
Global
	GlobalSection(SolutionConfigurationPlatforms) = preSolution
		Debug|Any CPU = Debug|Any CPU
		Release|Any CPU = Release|Any CPU
	EndGlobalSection
	GlobalSection(ProjectConfigurationPlatforms) = postSolution
		{02C583E5-E28A-444D-84C7-F2A7C88BD494}.Debug|Any CPU.ActiveCfg = Debug|Any CPU
		{02C583E5-E28A-444D-84C7-F2A7C88BD494}.Debug|Any CPU.Build.0 = Debug|Any CPU
		{02C583E5-E28A-444D-84C7-F2A7C88BD494}.Release|Any CPU.ActiveCfg = Release|Any CPU
		{02C583E5-E28A-444D-84C7-F2A7C88BD494}.Release|Any CPU.Build.0 = Release|Any CPU
		{34E4F45D-7B79-486B-8D74-9E20356EACDA}.Debug|Any CPU.ActiveCfg = Debug|Any CPU
		{34E4F45D-7B79-486B-8D74-9E20356EACDA}.Debug|Any CPU.Build.0 = Debug|Any CPU
		{34E4F45D-7B79-486B-8D74-9E20356EACDA}.Release|Any CPU.ActiveCfg = Release|Any CPU
		{34E4F45D-7B79-486B-8D74-9E20356EACDA}.Release|Any CPU.Build.0 = Release|Any CPU
		{C5C1019F-1CE4-4C67-B2FF-E305EFCAC679}.Debug|Any CPU.ActiveCfg = Debug|Any CPU
		{C5C1019F-1CE4-4C67-B2FF-E305EFCAC679}.Debug|Any CPU.Build.0 = Debug|Any CPU
		{C5C1019F-1CE4-4C67-B2FF-E305EFCAC679}.Release|Any CPU.ActiveCfg = Release|Any CPU
		{C5C1019F-1CE4-4C67-B2FF-E305EFCAC679}.Release|Any CPU.Build.0 = Release|Any CPU
		{642CF925-CE7C-425F-9879-6DD78247F6B3}.Debug|Any CPU.ActiveCfg = Debug|Any CPU
		{642CF925-CE7C-425F-9879-6DD78247F6B3}.Debug|Any CPU.Build.0 = Debug|Any CPU
		{642CF925-CE7C-425F-9879-6DD78247F6B3}.Release|Any CPU.ActiveCfg = Release|Any CPU
		{642CF925-CE7C-425F-9879-6DD78247F6B3}.Release|Any CPU.Build.0 = Release|Any CPU
		{5A99C37E-2F6C-45D6-B906-6FB421937B2E}.Debug|Any CPU.ActiveCfg = Debug|Any CPU
		{5A99C37E-2F6C-45D6-B906-6FB421937B2E}.Debug|Any CPU.Build.0 = Debug|Any CPU
		{5A99C37E-2F6C-45D6-B906-6FB421937B2E}.Release|Any CPU.ActiveCfg = Release|Any CPU
		{5A99C37E-2F6C-45D6-B906-6FB421937B2E}.Release|Any CPU.Build.0 = Release|Any CPU
		{A16E734A-6980-4358-B8D7-F6174FC41729}.Debug|Any CPU.ActiveCfg = Debug|Any CPU
		{A16E734A-6980-4358-B8D7-F6174FC41729}.Debug|Any CPU.Build.0 = Debug|Any CPU
		{A16E734A-6980-4358-B8D7-F6174FC41729}.Release|Any CPU.ActiveCfg = Release|Any CPU
		{A16E734A-6980-4358-B8D7-F6174FC41729}.Release|Any CPU.Build.0 = Release|Any CPU
		{7C5F82D2-919B-462A-AA38-DC7EDD692687}.Debug|Any CPU.ActiveCfg = Debug|Any CPU
		{7C5F82D2-919B-462A-AA38-DC7EDD692687}.Debug|Any CPU.Build.0 = Debug|Any CPU
		{7C5F82D2-919B-462A-AA38-DC7EDD692687}.Release|Any CPU.ActiveCfg = Release|Any CPU
		{7C5F82D2-919B-462A-AA38-DC7EDD692687}.Release|Any CPU.Build.0 = Release|Any CPU
		{EA15B9D2-71C4-4B2C-AAD4-BDAA09CFC945}.Debug|Any CPU.ActiveCfg = Debug|Any CPU
		{EA15B9D2-71C4-4B2C-AAD4-BDAA09CFC945}.Debug|Any CPU.Build.0 = Debug|Any CPU
		{EA15B9D2-71C4-4B2C-AAD4-BDAA09CFC945}.Release|Any CPU.ActiveCfg = Release|Any CPU
		{EA15B9D2-71C4-4B2C-AAD4-BDAA09CFC945}.Release|Any CPU.Build.0 = Release|Any CPU
		{4FC376D9-BA34-483F-ADB6-A5D20D971A23}.Debug|Any CPU.ActiveCfg = Debug|Any CPU
		{4FC376D9-BA34-483F-ADB6-A5D20D971A23}.Debug|Any CPU.Build.0 = Debug|Any CPU
		{4FC376D9-BA34-483F-ADB6-A5D20D971A23}.Release|Any CPU.ActiveCfg = Release|Any CPU
		{4FC376D9-BA34-483F-ADB6-A5D20D971A23}.Release|Any CPU.Build.0 = Release|Any CPU
		{D2D60B46-5761-4F40-B4FC-58B5C5F4D253}.Debug|Any CPU.ActiveCfg = Debug|Any CPU
		{D2D60B46-5761-4F40-B4FC-58B5C5F4D253}.Debug|Any CPU.Build.0 = Debug|Any CPU
		{D2D60B46-5761-4F40-B4FC-58B5C5F4D253}.Release|Any CPU.ActiveCfg = Release|Any CPU
		{D2D60B46-5761-4F40-B4FC-58B5C5F4D253}.Release|Any CPU.Build.0 = Release|Any CPU
		{589C8BFB-8AC4-4C2C-B7EE-9FD004603175}.Debug|Any CPU.ActiveCfg = Debug|Any CPU
		{589C8BFB-8AC4-4C2C-B7EE-9FD004603175}.Debug|Any CPU.Build.0 = Debug|Any CPU
		{589C8BFB-8AC4-4C2C-B7EE-9FD004603175}.Release|Any CPU.ActiveCfg = Release|Any CPU
		{589C8BFB-8AC4-4C2C-B7EE-9FD004603175}.Release|Any CPU.Build.0 = Release|Any CPU
	EndGlobalSection
	GlobalSection(SolutionProperties) = preSolution
		HideSolutionNode = FALSE
	EndGlobalSection
	GlobalSection(NestedProjects) = preSolution
		{4FF07BC8-7B6E-42FC-B876-D40BA947E27B} = {8E1B36BE-67B1-4EB6-8A92-23648C311F21}
		{E68A7C85-081F-481A-9BA8-898F48F05719} = {8E1B36BE-67B1-4EB6-8A92-23648C311F21}
		{052766C3-5F9F-4672-9E8E-548D94B18654} = {E68A7C85-081F-481A-9BA8-898F48F05719}
		{EC176AA1-67D9-472E-B123-05DBD77CD06A} = {E68A7C85-081F-481A-9BA8-898F48F05719}
		{16423273-D285-4F31-A287-415CE7EE944E} = {E68A7C85-081F-481A-9BA8-898F48F05719}
		{CF4CB173-0B58-4BC1-B20A-F79938FAB401} = {E68A7C85-081F-481A-9BA8-898F48F05719}
		{F3EDF9B8-6E4F-45CE-A43F-9647DEA9C3EC} = {E68A7C85-081F-481A-9BA8-898F48F05719}
		{825AFD19-2FC4-4758-B3D5-2AA5425B33B9} = {E68A7C85-081F-481A-9BA8-898F48F05719}
		{0F81D83F-28DA-4CAA-BBCE-19ED0D287B0E} = {E68A7C85-081F-481A-9BA8-898F48F05719}
		{8197377E-9512-4656-AD89-9A623039BA52} = {E68A7C85-081F-481A-9BA8-898F48F05719}
		{5FB459F2-111F-4B42-AB09-45B403B61803} = {E68A7C85-081F-481A-9BA8-898F48F05719}
		{34E4F45D-7B79-486B-8D74-9E20356EACDA} = {4FF07BC8-7B6E-42FC-B876-D40BA947E27B}
		{C5C1019F-1CE4-4C67-B2FF-E305EFCAC679} = {F3EDF9B8-6E4F-45CE-A43F-9647DEA9C3EC}
		{642CF925-CE7C-425F-9879-6DD78247F6B3} = {825AFD19-2FC4-4758-B3D5-2AA5425B33B9}
		{5A99C37E-2F6C-45D6-B906-6FB421937B2E} = {5FB459F2-111F-4B42-AB09-45B403B61803}
		{A16E734A-6980-4358-B8D7-F6174FC41729} = {CF4CB173-0B58-4BC1-B20A-F79938FAB401}
		{7C5F82D2-919B-462A-AA38-DC7EDD692687} = {16423273-D285-4F31-A287-415CE7EE944E}
		{EA15B9D2-71C4-4B2C-AAD4-BDAA09CFC945} = {052766C3-5F9F-4672-9E8E-548D94B18654}
		{4FC376D9-BA34-483F-ADB6-A5D20D971A23} = {EC176AA1-67D9-472E-B123-05DBD77CD06A}
		{D2D60B46-5761-4F40-B4FC-58B5C5F4D253} = {8197377E-9512-4656-AD89-9A623039BA52}
		{589C8BFB-8AC4-4C2C-B7EE-9FD004603175} = {0F81D83F-28DA-4CAA-BBCE-19ED0D287B0E}
	EndGlobalSection
	GlobalSection(ExtensibilityGlobals) = postSolution
		SolutionGuid = {191694CA-BDED-44F3-AB4F-A8B6BC73DEDD}
	EndGlobalSection
EndGlobal
