
Microsoft Visual Studio Solution File, Format Version 12.00
# Visual Studio Version 16
VisualStudioVersion = 16.0.33529.622
MinimumVisualStudioVersion = 10.0.40219.1
Project("{FAE04EC0-301F-11D3-BF4B-00C04F79EFBC}") = "Homework4", "Homework4.csproj", "{65D8BCF8-526C-4E33-BACC-33580A5EC4C8}"
EndProject
Global
	GlobalSection(SolutionConfigurationPlatforms) = preSolution
		Debug|Any CPU = Debug|Any CPU
		Release|Any CPU = Release|Any CPU
	EndGlobalSection
	GlobalSection(ProjectConfigurationPlatforms) = postSolution
		{65D8BCF8-526C-4E33-BACC-33580A5EC4C8}.Debug|Any CPU.ActiveCfg = Debug|Any CPU
		{65D8BCF8-526C-4E33-BACC-33580A5EC4C8}.Debug|Any CPU.Build.0 = Debug|Any CPU
		{65D8BCF8-526C-4E33-BACC-33580A5EC4C8}.Release|Any CPU.ActiveCfg = Release|Any CPU
		{65D8BCF8-526C-4E33-BACC-33580A5EC4C8}.Release|Any CPU.Build.0 = Release|Any CPU
	EndGlobalSection
	GlobalSection(SolutionProperties) = preSolution
		HideSolutionNode = FALSE
	EndGlobalSection
	GlobalSection(ExtensibilityGlobals) = postSolution
		SolutionGuid = {7B7D6103-05FD-485B-B393-CFA9A744D6AA}
	EndGlobalSection
EndGlobal
